
Microsoft Visual Studio Solution File, Format Version 12.00
# Visual Studio Version 16
VisualStudioVersion = 16.0.32510.428
MinimumVisualStudioVersion = 10.0.40219.1
Project("{FAE04EC0-301F-11D3-BF4B-00C04F79EFBC}") = "outreference", "outreference\outreference.csproj", "{FB8E9443-82EC-4FB2-9393-90EFC978F36C}"
EndProject
Global
	GlobalSection(SolutionConfigurationPlatforms) = preSolution
		Debug|Any CPU = Debug|Any CPU
		Release|Any CPU = Release|Any CPU
	EndGlobalSection
	GlobalSection(ProjectConfigurationPlatforms) = postSolution
		{FB8E9443-82EC-4FB2-9393-90EFC978F36C}.Debug|Any CPU.ActiveCfg = Debug|Any CPU
		{FB8E9443-82EC-4FB2-9393-90EFC978F36C}.Debug|Any CPU.Build.0 = Debug|Any CPU
		{FB8E9443-82EC-4FB2-9393-90EFC978F36C}.Release|Any CPU.ActiveCfg = Release|Any CPU
		{FB8E9443-82EC-4FB2-9393-90EFC978F36C}.Release|Any CPU.Build.0 = Release|Any CPU
	EndGlobalSection
	GlobalSection(SolutionProperties) = preSolution
		HideSolutionNode = FALSE
	EndGlobalSection
	GlobalSection(ExtensibilityGlobals) = postSolution
		SolutionGuid = {73536E68-420C-4603-BE2D-9655E738E295}
	EndGlobalSection
EndGlobal
