
Microsoft Visual Studio Solution File, Format Version 12.00
# Visual Studio Version 16
VisualStudioVersion = 16.0.32510.428
MinimumVisualStudioVersion = 10.0.40219.1
Project("{FAE04EC0-301F-11D3-BF4B-00C04F79EFBC}") = "SalaryCalculator", "SalaryCalculator\SalaryCalculator.csproj", "{46195F14-8A41-49D8-B4C6-DD64C839ABA2}"
EndProject
Project("{FAE04EC0-301F-11D3-BF4B-00C04F79EFBC}") = "Calculator", "Calculator\Calculator.csproj", "{0ADADDC5-04FB-4F81-8CCF-017C342A3BBE}"
EndProject
Global
	GlobalSection(SolutionConfigurationPlatforms) = preSolution
		Debug|Any CPU = Debug|Any CPU
		Release|Any CPU = Release|Any CPU
	EndGlobalSection
	GlobalSection(ProjectConfigurationPlatforms) = postSolution
		{46195F14-8A41-49D8-B4C6-DD64C839ABA2}.Debug|Any CPU.ActiveCfg = Debug|Any CPU
		{46195F14-8A41-49D8-B4C6-DD64C839ABA2}.Debug|Any CPU.Build.0 = Debug|Any CPU
		{46195F14-8A41-49D8-B4C6-DD64C839ABA2}.Release|Any CPU.ActiveCfg = Release|Any CPU
		{46195F14-8A41-49D8-B4C6-DD64C839ABA2}.Release|Any CPU.Build.0 = Release|Any CPU
		{0ADADDC5-04FB-4F81-8CCF-017C342A3BBE}.Debug|Any CPU.ActiveCfg = Debug|Any CPU
		{0ADADDC5-04FB-4F81-8CCF-017C342A3BBE}.Debug|Any CPU.Build.0 = Debug|Any CPU
		{0ADADDC5-04FB-4F81-8CCF-017C342A3BBE}.Release|Any CPU.ActiveCfg = Release|Any CPU
		{0ADADDC5-04FB-4F81-8CCF-017C342A3BBE}.Release|Any CPU.Build.0 = Release|Any CPU
	EndGlobalSection
	GlobalSection(SolutionProperties) = preSolution
		HideSolutionNode = FALSE
	EndGlobalSection
	GlobalSection(ExtensibilityGlobals) = postSolution
		SolutionGuid = {FB25A0C4-AD84-4D83-B211-B44353DBCC14}
	EndGlobalSection
EndGlobal
