
Microsoft Visual Studio Solution File, Format Version 12.00
# Visual Studio Version 16
VisualStudioVersion = 16.0.32510.428
MinimumVisualStudioVersion = 10.0.40219.1
Project("{FAE04EC0-301F-11D3-BF4B-00C04F79EFBC}") = "EventsChallenge", "EventsChallenge\EventsChallenge.csproj", "{55B4EB2F-8C8A-46E5-9AE9-21327C7B73A4}"
EndProject
Global
	GlobalSection(SolutionConfigurationPlatforms) = preSolution
		Debug|Any CPU = Debug|Any CPU
		Release|Any CPU = Release|Any CPU
	EndGlobalSection
	GlobalSection(ProjectConfigurationPlatforms) = postSolution
		{55B4EB2F-8C8A-46E5-9AE9-21327C7B73A4}.Debug|Any CPU.ActiveCfg = Debug|Any CPU
		{55B4EB2F-8C8A-46E5-9AE9-21327C7B73A4}.Debug|Any CPU.Build.0 = Debug|Any CPU
		{55B4EB2F-8C8A-46E5-9AE9-21327C7B73A4}.Release|Any CPU.ActiveCfg = Release|Any CPU
		{55B4EB2F-8C8A-46E5-9AE9-21327C7B73A4}.Release|Any CPU.Build.0 = Release|Any CPU
	EndGlobalSection
	GlobalSection(SolutionProperties) = preSolution
		HideSolutionNode = FALSE
	EndGlobalSection
	GlobalSection(ExtensibilityGlobals) = postSolution
		SolutionGuid = {A2663C3E-395D-40A0-8EEC-673899410597}
	EndGlobalSection
EndGlobal
