
Microsoft Visual Studio Solution File, Format Version 12.00
# Visual Studio Version 16
VisualStudioVersion = 16.0.32510.428
MinimumVisualStudioVersion = 10.0.40219.1
Project("{FAE04EC0-301F-11D3-BF4B-00C04F79EFBC}") = "Section1", "Section1\Section1.csproj", "{91072D2B-CD73-4298-BBC2-CFA40C423D0F}"
EndProject
Global
	GlobalSection(SolutionConfigurationPlatforms) = preSolution
		Debug|Any CPU = Debug|Any CPU
		Release|Any CPU = Release|Any CPU
	EndGlobalSection
	GlobalSection(ProjectConfigurationPlatforms) = postSolution
		{91072D2B-CD73-4298-BBC2-CFA40C423D0F}.Debug|Any CPU.ActiveCfg = Debug|Any CPU
		{91072D2B-CD73-4298-BBC2-CFA40C423D0F}.Debug|Any CPU.Build.0 = Debug|Any CPU
		{91072D2B-CD73-4298-BBC2-CFA40C423D0F}.Release|Any CPU.ActiveCfg = Release|Any CPU
		{91072D2B-CD73-4298-BBC2-CFA40C423D0F}.Release|Any CPU.Build.0 = Release|Any CPU
	EndGlobalSection
	GlobalSection(SolutionProperties) = preSolution
		HideSolutionNode = FALSE
	EndGlobalSection
	GlobalSection(ExtensibilityGlobals) = postSolution
		SolutionGuid = {0F3963F2-7FEC-48C5-A511-648DD91AFA7C}
	EndGlobalSection
EndGlobal
